
Microsoft Visual Studio Solution File, Format Version 12.00
# Visual Studio Version 17
VisualStudioVersion = 17.2.32630.192
MinimumVisualStudioVersion = 10.0.40219.1
Project("{FAE04EC0-301F-11D3-BF4B-00C04F79EFBC}") = "HerbalLifeCRM", "HerbalLifeCRM\HerbalLifeCRM.csproj", "{C3FFB306-9DD3-4920-860A-F407922DC35F}"
EndProject
Global
	GlobalSection(SolutionConfigurationPlatforms) = preSolution
		Debug|Any CPU = Debug|Any CPU
		Release|Any CPU = Release|Any CPU
	EndGlobalSection
	GlobalSection(ProjectConfigurationPlatforms) = postSolution
		{C3FFB306-9DD3-4920-860A-F407922DC35F}.Debug|Any CPU.ActiveCfg = Debug|Any CPU
		{C3FFB306-9DD3-4920-860A-F407922DC35F}.Debug|Any CPU.Build.0 = Debug|Any CPU
		{C3FFB306-9DD3-4920-860A-F407922DC35F}.Release|Any CPU.ActiveCfg = Release|Any CPU
		{C3FFB306-9DD3-4920-860A-F407922DC35F}.Release|Any CPU.Build.0 = Release|Any CPU
	EndGlobalSection
	GlobalSection(SolutionProperties) = preSolution
		HideSolutionNode = FALSE
	EndGlobalSection
	GlobalSection(ExtensibilityGlobals) = postSolution
		SolutionGuid = {A35561C9-B04B-4015-9D79-895A5C532EA6}
	EndGlobalSection
EndGlobal
